// !$*UTF8*$!
{
	archiveVersion = 1;
	classes = {
	};
	objectVersion = 46;
	objects = {

/* Begin PBXBuildFile section */
		AD0EC6B1182FBC5400F0C65D /* NetworkController.m in Sources */ = {isa = PBXBuildFile; fileRef = AD0EC6B0182FBC5400F0C65D /* NetworkController.m */; };
		AD46EF1B182FA9570019BD87 /* Cocoa.framework in Frameworks */ = {isa = PBXBuildFile; fileRef = AD46EF1A182FA9570019BD87 /* Cocoa.framework */; };
		AD46EF25182FA9570019BD87 /* InfoPlist.strings in Resources */ = {isa = PBXBuildFile; fileRef = AD46EF23182FA9570019BD87 /* InfoPlist.strings */; };
		AD46EF27182FA9570019BD87 /* main.m in Sources */ = {isa = PBXBuildFile; fileRef = AD46EF26182FA9570019BD87 /* main.m */; };
		AD46EF2B182FA9570019BD87 /* Credits.rtf in Resources */ = {isa = PBXBuildFile; fileRef = AD46EF29182FA9570019BD87 /* Credits.rtf */; };
		AD46EF2E182FA9570019BD87 /* AppDelegate.m in Sources */ = {isa = PBXBuildFile; fileRef = AD46EF2D182FA9570019BD87 /* AppDelegate.m */; };
		AD46EF31182FA9570019BD87 /* MainMenu.xib in Resources */ = {isa = PBXBuildFile; fileRef = AD46EF2F182FA9570019BD87 /* MainMenu.xib */; };
		ADC6066B1832BBF700E052C3 /* TomAppleServer.m in Sources */ = {isa = PBXBuildFile; fileRef = ADC6066A1832BBF700E052C3 /* TomAppleServer.m */; };
		ADC6066E1832C0CD00E052C3 /* TomAppleClient.m in Sources */ = {isa = PBXBuildFile; fileRef = ADC6066D1832C0CD00E052C3 /* TomAppleClient.m */; };
		ADC606721832CAE100E052C3 /* UserInformation.m in Sources */ = {isa = PBXBuildFile; fileRef = ADC606711832CAE100E052C3 /* UserInformation.m */; };
		BE3607FE948548FD89EDA463 /* libPods.a in Frameworks */ = {isa = PBXBuildFile; fileRef = CB061D7596D245F9AF7C3618 /* libPods.a */; };
/* End PBXBuildFile section */

/* Begin PBXFileReference section */
		26C10C4A0EBC424B95244951 /* Pods.xcconfig */ = {isa = PBXFileReference; includeInIndex = 1; lastKnownFileType = text.xcconfig; name = Pods.xcconfig; path = Pods/Pods.xcconfig; sourceTree = "<group>"; };
		AD0EC6AF182FBC5400F0C65D /* NetworkController.h */ = {isa = PBXFileReference; fileEncoding = 4; lastKnownFileType = sourcecode.c.h; name = NetworkController.h; path = Network/NetworkController.h; sourceTree = "<group>"; };
		AD0EC6B0182FBC5400F0C65D /* NetworkController.m */ = {isa = PBXFileReference; fileEncoding = 4; lastKnownFileType = sourcecode.c.objc; name = NetworkController.m; path = Network/NetworkController.m; sourceTree = "<group>"; };
		AD3C8BB51834108B009A0136 /* TomAppleServerDelegate.h */ = {isa = PBXFileReference; fileEncoding = 4; lastKnownFileType = sourcecode.c.h; name = TomAppleServerDelegate.h; path = Network/TomAppleServerDelegate.h; sourceTree = "<group>"; };
		AD46EF17182FA9570019BD87 /* Tomapple.app */ = {isa = PBXFileReference; explicitFileType = wrapper.application; includeInIndex = 0; path = Tomapple.app; sourceTree = BUILT_PRODUCTS_DIR; };
		AD46EF1A182FA9570019BD87 /* Cocoa.framework */ = {isa = PBXFileReference; lastKnownFileType = wrapper.framework; name = Cocoa.framework; path = System/Library/Frameworks/Cocoa.framework; sourceTree = SDKROOT; };
		AD46EF1D182FA9570019BD87 /* AppKit.framework */ = {isa = PBXFileReference; lastKnownFileType = wrapper.framework; name = AppKit.framework; path = System/Library/Frameworks/AppKit.framework; sourceTree = SDKROOT; };
		AD46EF1E182FA9570019BD87 /* CoreData.framework */ = {isa = PBXFileReference; lastKnownFileType = wrapper.framework; name = CoreData.framework; path = System/Library/Frameworks/CoreData.framework; sourceTree = SDKROOT; };
		AD46EF1F182FA9570019BD87 /* Foundation.framework */ = {isa = PBXFileReference; lastKnownFileType = wrapper.framework; name = Foundation.framework; path = System/Library/Frameworks/Foundation.framework; sourceTree = SDKROOT; };
		AD46EF22182FA9570019BD87 /* Tomapple-Info.plist */ = {isa = PBXFileReference; lastKnownFileType = text.plist.xml; path = "Tomapple-Info.plist"; sourceTree = "<group>"; };
		AD46EF24182FA9570019BD87 /* en */ = {isa = PBXFileReference; lastKnownFileType = text.plist.strings; name = en; path = en.lproj/InfoPlist.strings; sourceTree = "<group>"; };
		AD46EF26182FA9570019BD87 /* main.m */ = {isa = PBXFileReference; lastKnownFileType = sourcecode.c.objc; path = main.m; sourceTree = "<group>"; };
		AD46EF28182FA9570019BD87 /* Tomapple-Prefix.pch */ = {isa = PBXFileReference; lastKnownFileType = sourcecode.c.h; path = "Tomapple-Prefix.pch"; sourceTree = "<group>"; };
		AD46EF2A182FA9570019BD87 /* en */ = {isa = PBXFileReference; lastKnownFileType = text.rtf; name = en; path = en.lproj/Credits.rtf; sourceTree = "<group>"; };
		AD46EF2C182FA9570019BD87 /* AppDelegate.h */ = {isa = PBXFileReference; lastKnownFileType = sourcecode.c.h; path = AppDelegate.h; sourceTree = "<group>"; };
		AD46EF2D182FA9570019BD87 /* AppDelegate.m */ = {isa = PBXFileReference; lastKnownFileType = sourcecode.c.objc; path = AppDelegate.m; sourceTree = "<group>"; };
		AD46EF30182FA9570019BD87 /* en */ = {isa = PBXFileReference; lastKnownFileType = file.xib; name = en; path = en.lproj/MainMenu.xib; sourceTree = "<group>"; };
		ADC606691832BBF700E052C3 /* TomAppleServer.h */ = {isa = PBXFileReference; fileEncoding = 4; lastKnownFileType = sourcecode.c.h; name = TomAppleServer.h; path = Network/TomAppleServer.h; sourceTree = "<group>"; };
		ADC6066A1832BBF700E052C3 /* TomAppleServer.m */ = {isa = PBXFileReference; fileEncoding = 4; lastKnownFileType = sourcecode.c.objc; name = TomAppleServer.m; path = Network/TomAppleServer.m; sourceTree = "<group>"; };
		ADC6066C1832C0CD00E052C3 /* TomAppleClient.h */ = {isa = PBXFileReference; fileEncoding = 4; lastKnownFileType = sourcecode.c.h; name = TomAppleClient.h; path = Network/TomAppleClient.h; sourceTree = "<group>"; };
		ADC6066D1832C0CD00E052C3 /* TomAppleClient.m */ = {isa = PBXFileReference; fileEncoding = 4; lastKnownFileType = sourcecode.c.objc; name = TomAppleClient.m; path = Network/TomAppleClient.m; sourceTree = "<group>"; };
		ADC606701832CAE100E052C3 /* UserInformation.h */ = {isa = PBXFileReference; fileEncoding = 4; lastKnownFileType = sourcecode.c.h; name = UserInformation.h; path = Model/UserInformation.h; sourceTree = "<group>"; };
		ADC606711832CAE100E052C3 /* UserInformation.m */ = {isa = PBXFileReference; fileEncoding = 4; lastKnownFileType = sourcecode.c.objc; name = UserInformation.m; path = Model/UserInformation.m; sourceTree = "<group>"; };
		CB061D7596D245F9AF7C3618 /* libPods.a */ = {isa = PBXFileReference; explicitFileType = archive.ar; includeInIndex = 0; path = libPods.a; sourceTree = BUILT_PRODUCTS_DIR; };
/* End PBXFileReference section */

/* Begin PBXFrameworksBuildPhase section */
		AD46EF14182FA9570019BD87 /* Frameworks */ = {
			isa = PBXFrameworksBuildPhase;
			buildActionMask = 2147483647;
			files = (
				AD46EF1B182FA9570019BD87 /* Cocoa.framework in Frameworks */,
				BE3607FE948548FD89EDA463 /* libPods.a in Frameworks */,
			);
			runOnlyForDeploymentPostprocessing = 0;
		};
/* End PBXFrameworksBuildPhase section */

/* Begin PBXGroup section */
		AD0EC6AE182FBBF700F0C65D /* Network */ = {
			isa = PBXGroup;
			children = (
				AD0EC6AF182FBC5400F0C65D /* NetworkController.h */,
				AD0EC6B0182FBC5400F0C65D /* NetworkController.m */,
				ADC606691832BBF700E052C3 /* TomAppleServer.h */,
				ADC6066A1832BBF700E052C3 /* TomAppleServer.m */,
				ADC6066C1832C0CD00E052C3 /* TomAppleClient.h */,
				ADC6066D1832C0CD00E052C3 /* TomAppleClient.m */,
				AD3C8BB51834108B009A0136 /* TomAppleServerDelegate.h */,
			);
			name = Network;
			sourceTree = "<group>";
		};
		AD46EF0E182FA9570019BD87 = {
			isa = PBXGroup;
			children = (
				AD46EF20182FA9570019BD87 /* Tomapple */,
				AD46EF19182FA9570019BD87 /* Frameworks */,
				AD46EF18182FA9570019BD87 /* Products */,
				26C10C4A0EBC424B95244951 /* Pods.xcconfig */,
			);
			sourceTree = "<group>";
		};
		AD46EF18182FA9570019BD87 /* Products */ = {
			isa = PBXGroup;
			children = (
				AD46EF17182FA9570019BD87 /* Tomapple.app */,
			);
			name = Products;
			sourceTree = "<group>";
		};
		AD46EF19182FA9570019BD87 /* Frameworks */ = {
			isa = PBXGroup;
			children = (
				AD46EF1A182FA9570019BD87 /* Cocoa.framework */,
				AD46EF1C182FA9570019BD87 /* Other Frameworks */,
				CB061D7596D245F9AF7C3618 /* libPods.a */,
			);
			name = Frameworks;
			sourceTree = "<group>";
		};
		AD46EF1C182FA9570019BD87 /* Other Frameworks */ = {
			isa = PBXGroup;
			children = (
				AD46EF1D182FA9570019BD87 /* AppKit.framework */,
				AD46EF1E182FA9570019BD87 /* CoreData.framework */,
				AD46EF1F182FA9570019BD87 /* Foundation.framework */,
			);
			name = "Other Frameworks";
			sourceTree = "<group>";
		};
		AD46EF20182FA9570019BD87 /* Tomapple */ = {
			isa = PBXGroup;
			children = (
				ADC6066F1832CAA800E052C3 /* Model */,
				AD0EC6AE182FBBF700F0C65D /* Network */,
				AD46EF2C182FA9570019BD87 /* AppDelegate.h */,
				AD46EF2D182FA9570019BD87 /* AppDelegate.m */,
				AD46EF2F182FA9570019BD87 /* MainMenu.xib */,
				AD46EF21182FA9570019BD87 /* Supporting Files */,
			);
			path = Tomapple;
			sourceTree = "<group>";
		};
		AD46EF21182FA9570019BD87 /* Supporting Files */ = {
			isa = PBXGroup;
			children = (
				AD46EF22182FA9570019BD87 /* Tomapple-Info.plist */,
				AD46EF23182FA9570019BD87 /* InfoPlist.strings */,
				AD46EF26182FA9570019BD87 /* main.m */,
				AD46EF28182FA9570019BD87 /* Tomapple-Prefix.pch */,
				AD46EF29182FA9570019BD87 /* Credits.rtf */,
			);
			name = "Supporting Files";
			sourceTree = "<group>";
		};
		ADC6066F1832CAA800E052C3 /* Model */ = {
			isa = PBXGroup;
			children = (
				ADC606701832CAE100E052C3 /* UserInformation.h */,
				ADC606711832CAE100E052C3 /* UserInformation.m */,
			);
			name = Model;
			sourceTree = "<group>";
		};
/* End PBXGroup section */

/* Begin PBXNativeTarget section */
		AD46EF16182FA9570019BD87 /* Tomapple */ = {
			isa = PBXNativeTarget;
			buildConfigurationList = AD46EF34182FA9570019BD87 /* Build configuration list for PBXNativeTarget "Tomapple" */;
			buildPhases = (
				7A741FE67B31415EB4F853C6 /* Check Pods Manifest.lock */,
				AD46EF13182FA9570019BD87 /* Sources */,
				AD46EF14182FA9570019BD87 /* Frameworks */,
				AD46EF15182FA9570019BD87 /* Resources */,
				5044BA1F39E447B9B44731B5 /* Copy Pods Resources */,
			);
			buildRules = (
			);
			dependencies = (
			);
			name = Tomapple;
			productName = Tomapple;
			productReference = AD46EF17182FA9570019BD87 /* Tomapple.app */;
			productType = "com.apple.product-type.application";
		};
/* End PBXNativeTarget section */

/* Begin PBXProject section */
		AD46EF0F182FA9570019BD87 /* Project object */ = {
			isa = PBXProject;
			attributes = {
				LastUpgradeCheck = 0460;
				ORGANIZATIONNAME = "Peter Bødskov";
			};
			buildConfigurationList = AD46EF12182FA9570019BD87 /* Build configuration list for PBXProject "Tomapple" */;
			compatibilityVersion = "Xcode 3.2";
			developmentRegion = English;
			hasScannedForEncodings = 0;
			knownRegions = (
				en,
			);
			mainGroup = AD46EF0E182FA9570019BD87;
			productRefGroup = AD46EF18182FA9570019BD87 /* Products */;
			projectDirPath = "";
			projectRoot = "";
			targets = (
				AD46EF16182FA9570019BD87 /* Tomapple */,
			);
		};
/* End PBXProject section */

/* Begin PBXResourcesBuildPhase section */
		AD46EF15182FA9570019BD87 /* Resources */ = {
			isa = PBXResourcesBuildPhase;
			buildActionMask = 2147483647;
			files = (
				AD46EF25182FA9570019BD87 /* InfoPlist.strings in Resources */,
				AD46EF2B182FA9570019BD87 /* Credits.rtf in Resources */,
				AD46EF31182FA9570019BD87 /* MainMenu.xib in Resources */,
			);
			runOnlyForDeploymentPostprocessing = 0;
		};
/* End PBXResourcesBuildPhase section */

/* Begin PBXShellScriptBuildPhase section */
		5044BA1F39E447B9B44731B5 /* Copy Pods Resources */ = {
			isa = PBXShellScriptBuildPhase;
			buildActionMask = 2147483647;
			files = (
			);
			inputPaths = (
			);
			name = "Copy Pods Resources";
			outputPaths = (
			);
			runOnlyForDeploymentPostprocessing = 0;
			shellPath = /bin/sh;
			shellScript = "\"${SRCROOT}/Pods/Pods-resources.sh\"\n";
			showEnvVarsInLog = 0;
		};
		7A741FE67B31415EB4F853C6 /* Check Pods Manifest.lock */ = {
			isa = PBXShellScriptBuildPhase;
			buildActionMask = 2147483647;
			files = (
			);
			inputPaths = (
			);
			name = "Check Pods Manifest.lock";
			outputPaths = (
			);
			runOnlyForDeploymentPostprocessing = 0;
			shellPath = /bin/sh;
			shellScript = "diff \"${PODS_ROOT}/../Podfile.lock\" \"${PODS_ROOT}/Manifest.lock\" > /dev/null\nif [[ $? != 0 ]] ; then\n    cat << EOM\nerror: The sandbox is not in sync with the Podfile.lock. Run 'pod install' or update your CocoaPods installation.\nEOM\n    exit 1\nfi\n";
			showEnvVarsInLog = 0;
		};
/* End PBXShellScriptBuildPhase section */

/* Begin PBXSourcesBuildPhase section */
		AD46EF13182FA9570019BD87 /* Sources */ = {
			isa = PBXSourcesBuildPhase;
			buildActionMask = 2147483647;
			files = (
				AD46EF27182FA9570019BD87 /* main.m in Sources */,
				AD46EF2E182FA9570019BD87 /* AppDelegate.m in Sources */,
				AD0EC6B1182FBC5400F0C65D /* NetworkController.m in Sources */,
				ADC6066B1832BBF700E052C3 /* TomAppleServer.m in Sources */,
				ADC6066E1832C0CD00E052C3 /* TomAppleClient.m in Sources */,
				ADC606721832CAE100E052C3 /* UserInformation.m in Sources */,
			);
			runOnlyForDeploymentPostprocessing = 0;
		};
/* End PBXSourcesBuildPhase section */

/* Begin PBXVariantGroup section */
		AD46EF23182FA9570019BD87 /* InfoPlist.strings */ = {
			isa = PBXVariantGroup;
			children = (
				AD46EF24182FA9570019BD87 /* en */,
			);
			name = InfoPlist.strings;
			sourceTree = "<group>";
		};
		AD46EF29182FA9570019BD87 /* Credits.rtf */ = {
			isa = PBXVariantGroup;
			children = (
				AD46EF2A182FA9570019BD87 /* en */,
			);
			name = Credits.rtf;
			sourceTree = "<group>";
		};
		AD46EF2F182FA9570019BD87 /* MainMenu.xib */ = {
			isa = PBXVariantGroup;
			children = (
				AD46EF30182FA9570019BD87 /* en */,
			);
			name = MainMenu.xib;
			sourceTree = "<group>";
		};
/* End PBXVariantGroup section */

/* Begin XCBuildConfiguration section */
		AD46EF32182FA9570019BD87 /* Debug */ = {
			isa = XCBuildConfiguration;
			buildSettings = {
				ALWAYS_SEARCH_USER_PATHS = NO;
				ARCHS = "$(ARCHS_STANDARD_64_BIT)";
				CLANG_CXX_LANGUAGE_STANDARD = "gnu++0x";
				CLANG_CXX_LIBRARY = "libc++";
				CLANG_ENABLE_OBJC_ARC = YES;
				CLANG_WARN_CONSTANT_CONVERSION = YES;
				CLANG_WARN_EMPTY_BODY = YES;
				CLANG_WARN_ENUM_CONVERSION = YES;
				CLANG_WARN_INT_CONVERSION = YES;
				CLANG_WARN__DUPLICATE_METHOD_MATCH = YES;
				COPY_PHASE_STRIP = NO;
				GCC_C_LANGUAGE_STANDARD = gnu99;
				GCC_DYNAMIC_NO_PIC = NO;
				GCC_ENABLE_OBJC_EXCEPTIONS = YES;
				GCC_OPTIMIZATION_LEVEL = 0;
				GCC_PREPROCESSOR_DEFINITIONS = (
					"DEBUG=1",
					"$(inherited)",
				);
				GCC_SYMBOLS_PRIVATE_EXTERN = NO;
				GCC_WARN_64_TO_32_BIT_CONVERSION = YES;
				GCC_WARN_ABOUT_RETURN_TYPE = YES;
				GCC_WARN_UNINITIALIZED_AUTOS = YES;
				GCC_WARN_UNUSED_VARIABLE = YES;
				MACOSX_DEPLOYMENT_TARGET = 10.8;
				ONLY_ACTIVE_ARCH = YES;
				SDKROOT = macosx;
			};
			name = Debug;
		};
		AD46EF33182FA9570019BD87 /* Release */ = {
			isa = XCBuildConfiguration;
			buildSettings = {
				ALWAYS_SEARCH_USER_PATHS = NO;
				ARCHS = "$(ARCHS_STANDARD_64_BIT)";
				CLANG_CXX_LANGUAGE_STANDARD = "gnu++0x";
				CLANG_CXX_LIBRARY = "libc++";
				CLANG_ENABLE_OBJC_ARC = YES;
				CLANG_WARN_CONSTANT_CONVERSION = YES;
				CLANG_WARN_EMPTY_BODY = YES;
				CLANG_WARN_ENUM_CONVERSION = YES;
				CLANG_WARN_INT_CONVERSION = YES;
				CLANG_WARN__DUPLICATE_METHOD_MATCH = YES;
				COPY_PHASE_STRIP = YES;
				DEBUG_INFORMATION_FORMAT = "dwarf-with-dsym";
				GCC_C_LANGUAGE_STANDARD = gnu99;
				GCC_ENABLE_OBJC_EXCEPTIONS = YES;
				GCC_WARN_64_TO_32_BIT_CONVERSION = YES;
				GCC_WARN_ABOUT_RETURN_TYPE = YES;
				GCC_WARN_UNINITIALIZED_AUTOS = YES;
				GCC_WARN_UNUSED_VARIABLE = YES;
				MACOSX_DEPLOYMENT_TARGET = 10.8;
				SDKROOT = macosx;
			};
			name = Release;
		};
		AD46EF35182FA9570019BD87 /* Debug */ = {
			isa = XCBuildConfiguration;
			baseConfigurationReference = 26C10C4A0EBC424B95244951 /* Pods.xcconfig */;
			buildSettings = {
				COMBINE_HIDPI_IMAGES = YES;
				GCC_PRECOMPILE_PREFIX_HEADER = YES;
				GCC_PREFIX_HEADER = "Tomapple/Tomapple-Prefix.pch";
				INFOPLIST_FILE = "Tomapple/Tomapple-Info.plist";
				PRODUCT_NAME = "$(TARGET_NAME)";
				WRAPPER_EXTENSION = app;
			};
			name = Debug;
		};
		AD46EF36182FA9570019BD87 /* Release */ = {
			isa = XCBuildConfiguration;
			baseConfigurationReference = 26C10C4A0EBC424B95244951 /* Pods.xcconfig */;
			buildSettings = {
				COMBINE_HIDPI_IMAGES = YES;
				GCC_PRECOMPILE_PREFIX_HEADER = YES;
				GCC_PREFIX_HEADER = "Tomapple/Tomapple-Prefix.pch";
				INFOPLIST_FILE = "Tomapple/Tomapple-Info.plist";
				PRODUCT_NAME = "$(TARGET_NAME)";
				WRAPPER_EXTENSION = app;
			};
			name = Release;
		};
/* End XCBuildConfiguration section */

/* Begin XCConfigurationList section */
		AD46EF12182FA9570019BD87 /* Build configuration list for PBXProject "Tomapple" */ = {
			isa = XCConfigurationList;
			buildConfigurations = (
				AD46EF32182FA9570019BD87 /* Debug */,
				AD46EF33182FA9570019BD87 /* Release */,
			);
			defaultConfigurationIsVisible = 0;
			defaultConfigurationName = Release;
		};
		AD46EF34182FA9570019BD87 /* Build configuration list for PBXNativeTarget "Tomapple" */ = {
			isa = XCConfigurationList;
			buildConfigurations = (
				AD46EF35182FA9570019BD87 /* Debug */,
				AD46EF36182FA9570019BD87 /* Release */,
			);
			defaultConfigurationIsVisible = 0;
			defaultConfigurationName = Release;
		};
/* End XCConfigurationList section */
	};
	rootObject = AD46EF0F182FA9570019BD87 /* Project object */;
}
